
Microsoft Visual Studio Solution File, Format Version 12.00
# Visual Studio 15
VisualStudioVersion = 15.0.28307.852
MinimumVisualStudioVersion = 10.0.40219.1
Project("{FAE04EC0-301F-11D3-BF4B-00C04F79EFBC}") = "VW_POM", "VW_POM\VW_POM.csproj", "{2361EF82-FDD8-497F-AD55-26E54CC5B2C6}"
EndProject
Global
	GlobalSection(SolutionConfigurationPlatforms) = preSolution
		Debug|Any CPU = Debug|Any CPU
		Release|Any CPU = Release|Any CPU
	EndGlobalSection
	GlobalSection(ProjectConfigurationPlatforms) = postSolution
		{2361EF82-FDD8-497F-AD55-26E54CC5B2C6}.Debug|Any CPU.ActiveCfg = Debug|Any CPU
		{2361EF82-FDD8-497F-AD55-26E54CC5B2C6}.Debug|Any CPU.Build.0 = Debug|Any CPU
		{2361EF82-FDD8-497F-AD55-26E54CC5B2C6}.Release|Any CPU.ActiveCfg = Release|Any CPU
		{2361EF82-FDD8-497F-AD55-26E54CC5B2C6}.Release|Any CPU.Build.0 = Release|Any CPU
	EndGlobalSection
	GlobalSection(SolutionProperties) = preSolution
		HideSolutionNode = FALSE
	EndGlobalSection
	GlobalSection(ExtensibilityGlobals) = postSolution
		SolutionGuid = {9E1E4A51-C090-4A72-BB1C-71EC021D831A}
	EndGlobalSection
EndGlobal
